
Microsoft Visual Studio Solution File, Format Version 12.00
# Visual Studio Version 17
VisualStudioVersion = 17.0.32112.339
MinimumVisualStudioVersion = 10.0.40219.1
Project("{9A19103F-16F7-4668-BE54-9A1E7A4F7556}") = "CRC32Patcher", "CRC32Patcher.csproj", "{15B959A9-84AC-444D-B2EC-6090E2784997}"
EndProject
Project("{FAE04EC0-301F-11D3-BF4B-00C04F79EFBC}") = "Process.NET", "..\Process.NET-master\src\Process.NET\Process.NET.csproj", "{501257D3-F788-4A5D-B990-16C01FF71926}"
EndProject
Global
	GlobalSection(SolutionConfigurationPlatforms) = preSolution
		Debug|Any CPU = Debug|Any CPU
		Debug|ARM32 = Debug|ARM32
		Debug|x64 = Debug|x64
		Debug|x86 = Debug|x86
		Release x86|Any CPU = Release x86|Any CPU
		Release x86|ARM32 = Release x86|ARM32
		Release x86|x64 = Release x86|x64
		Release x86|x86 = Release x86|x86
		Release|Any CPU = Release|Any CPU
		Release|ARM32 = Release|ARM32
		Release|x64 = Release|x64
		Release|x86 = Release|x86
	EndGlobalSection
	GlobalSection(ProjectConfigurationPlatforms) = postSolution
		{15B959A9-84AC-444D-B2EC-6090E2784997}.Debug|Any CPU.ActiveCfg = Debug|Any CPU
		{15B959A9-84AC-444D-B2EC-6090E2784997}.Debug|Any CPU.Build.0 = Debug|Any CPU
		{15B959A9-84AC-444D-B2EC-6090E2784997}.Debug|ARM32.ActiveCfg = Debug|ARM32
		{15B959A9-84AC-444D-B2EC-6090E2784997}.Debug|ARM32.Build.0 = Debug|ARM32
		{15B959A9-84AC-444D-B2EC-6090E2784997}.Debug|x64.ActiveCfg = Debug|x64
		{15B959A9-84AC-444D-B2EC-6090E2784997}.Debug|x64.Build.0 = Debug|x64
		{15B959A9-84AC-444D-B2EC-6090E2784997}.Debug|x86.ActiveCfg = Debug|Any CPU
		{15B959A9-84AC-444D-B2EC-6090E2784997}.Debug|x86.Build.0 = Debug|Any CPU
		{15B959A9-84AC-444D-B2EC-6090E2784997}.Release x86|Any CPU.ActiveCfg = Release x86|Any CPU
		{15B959A9-84AC-444D-B2EC-6090E2784997}.Release x86|Any CPU.Build.0 = Release x86|Any CPU
		{15B959A9-84AC-444D-B2EC-6090E2784997}.Release x86|ARM32.ActiveCfg = Release x86|ARM32
		{15B959A9-84AC-444D-B2EC-6090E2784997}.Release x86|ARM32.Build.0 = Release x86|ARM32
		{15B959A9-84AC-444D-B2EC-6090E2784997}.Release x86|x64.ActiveCfg = Release x86|x64
		{15B959A9-84AC-444D-B2EC-6090E2784997}.Release x86|x64.Build.0 = Release x86|x64
		{15B959A9-84AC-444D-B2EC-6090E2784997}.Release x86|x86.ActiveCfg = Release x86|Any CPU
		{15B959A9-84AC-444D-B2EC-6090E2784997}.Release x86|x86.Build.0 = Release x86|Any CPU
		{15B959A9-84AC-444D-B2EC-6090E2784997}.Release|Any CPU.ActiveCfg = Release|Any CPU
		{15B959A9-84AC-444D-B2EC-6090E2784997}.Release|Any CPU.Build.0 = Release|Any CPU
		{15B959A9-84AC-444D-B2EC-6090E2784997}.Release|ARM32.ActiveCfg = Release|ARM32
		{15B959A9-84AC-444D-B2EC-6090E2784997}.Release|ARM32.Build.0 = Release|ARM32
		{15B959A9-84AC-444D-B2EC-6090E2784997}.Release|x64.ActiveCfg = Release|x64
		{15B959A9-84AC-444D-B2EC-6090E2784997}.Release|x64.Build.0 = Release|x64
		{15B959A9-84AC-444D-B2EC-6090E2784997}.Release|x86.ActiveCfg = Release|Any CPU
		{15B959A9-84AC-444D-B2EC-6090E2784997}.Release|x86.Build.0 = Release|Any CPU
		{501257D3-F788-4A5D-B990-16C01FF71926}.Debug|Any CPU.ActiveCfg = Debug|Any CPU
		{501257D3-F788-4A5D-B990-16C01FF71926}.Debug|Any CPU.Build.0 = Debug|Any CPU
		{501257D3-F788-4A5D-B990-16C01FF71926}.Debug|ARM32.ActiveCfg = Debug|Any CPU
		{501257D3-F788-4A5D-B990-16C01FF71926}.Debug|ARM32.Build.0 = Debug|Any CPU
		{501257D3-F788-4A5D-B990-16C01FF71926}.Debug|x64.ActiveCfg = Debug|x64
		{501257D3-F788-4A5D-B990-16C01FF71926}.Debug|x64.Build.0 = Debug|x64
		{501257D3-F788-4A5D-B990-16C01FF71926}.Debug|x86.ActiveCfg = Debug|x86
		{501257D3-F788-4A5D-B990-16C01FF71926}.Debug|x86.Build.0 = Debug|x86
		{501257D3-F788-4A5D-B990-16C01FF71926}.Release x86|Any CPU.ActiveCfg = Release|Any CPU
		{501257D3-F788-4A5D-B990-16C01FF71926}.Release x86|Any CPU.Build.0 = Release|Any CPU
		{501257D3-F788-4A5D-B990-16C01FF71926}.Release x86|ARM32.ActiveCfg = Release|Any CPU
		{501257D3-F788-4A5D-B990-16C01FF71926}.Release x86|ARM32.Build.0 = Release|Any CPU
		{501257D3-F788-4A5D-B990-16C01FF71926}.Release x86|x64.ActiveCfg = Release|x64
		{501257D3-F788-4A5D-B990-16C01FF71926}.Release x86|x64.Build.0 = Release|x64
		{501257D3-F788-4A5D-B990-16C01FF71926}.Release x86|x86.ActiveCfg = Release|x86
		{501257D3-F788-4A5D-B990-16C01FF71926}.Release x86|x86.Build.0 = Release|x86
		{501257D3-F788-4A5D-B990-16C01FF71926}.Release|Any CPU.ActiveCfg = Release|Any CPU
		{501257D3-F788-4A5D-B990-16C01FF71926}.Release|Any CPU.Build.0 = Release|Any CPU
		{501257D3-F788-4A5D-B990-16C01FF71926}.Release|ARM32.ActiveCfg = Release|Any CPU
		{501257D3-F788-4A5D-B990-16C01FF71926}.Release|ARM32.Build.0 = Release|Any CPU
		{501257D3-F788-4A5D-B990-16C01FF71926}.Release|x64.ActiveCfg = Release|x64
		{501257D3-F788-4A5D-B990-16C01FF71926}.Release|x64.Build.0 = Release|x64
		{501257D3-F788-4A5D-B990-16C01FF71926}.Release|x86.ActiveCfg = Release|x86
		{501257D3-F788-4A5D-B990-16C01FF71926}.Release|x86.Build.0 = Release|x86
	EndGlobalSection
	GlobalSection(SolutionProperties) = preSolution
		HideSolutionNode = FALSE
	EndGlobalSection
	GlobalSection(ExtensibilityGlobals) = postSolution
		SolutionGuid = {4961AA55-FFE0-47FE-B1D5-7BDA0937E36C}
	EndGlobalSection
EndGlobal
